// !$*UTF8*$!
{
	archiveVersion = 1;
	classes = {
	};
	objectVersion = 50;
	objects = {

/* Begin PBXBuildFile section */
		1BC2F3BB2202F67B00BF6165 /* AppDelegate.swift in Sources */ = {isa = PBXBuildFile; fileRef = 1BC2F3BA2202F67B00BF6165 /* AppDelegate.swift */; };
		1BC2F3C22202F67C00BF6165 /* Assets.xcassets in Resources */ = {isa = PBXBuildFile; fileRef = 1BC2F3C12202F67C00BF6165 /* Assets.xcassets */; };
		1BC2F3C52202F67C00BF6165 /* LaunchScreen.storyboard in Resources */ = {isa = PBXBuildFile; fileRef = 1BC2F3C32202F67C00BF6165 /* LaunchScreen.storyboard */; };
		3902D72022D5CA8B008E634E /* NKConfigurator.swift in Sources */ = {isa = PBXBuildFile; fileRef = 3902D71F22D5CA8B008E634E /* NKConfigurator.swift */; };
		3902D72322D5CBAA008E634E /* NKView.swift in Sources */ = {isa = PBXBuildFile; fileRef = 3902D72222D5CBAA008E634E /* NKView.swift */; };
		3902D72522D5CBEB008E634E /* NKPresenter.swift in Sources */ = {isa = PBXBuildFile; fileRef = 3902D72422D5CBEB008E634E /* NKPresenter.swift */; };
		3902D72722D5CD66008E634E /* NKInteractor.swift in Sources */ = {isa = PBXBuildFile; fileRef = 3902D72622D5CD66008E634E /* NKInteractor.swift */; };
		3902D72922D5CD8D008E634E /* NKRouter.swift in Sources */ = {isa = PBXBuildFile; fileRef = 3902D72822D5CD8D008E634E /* NKRouter.swift */; };
		3902D73122D601FF008E634E /* MVCTest.swift in Sources */ = {isa = PBXBuildFile; fileRef = 3902D73022D601FF008E634E /* MVCTest.swift */; };
		3902D73322D60253008E634E /* MVCTest.storyboard in Resources */ = {isa = PBXBuildFile; fileRef = 3902D73222D60253008E634E /* MVCTest.storyboard */; };
		3902D73622D60A68008E634E /* MVPTest.swift in Sources */ = {isa = PBXBuildFile; fileRef = 3902D73522D60A68008E634E /* MVPTest.swift */; };
		3902D73822D60A7E008E634E /* MVPTestContract.swift in Sources */ = {isa = PBXBuildFile; fileRef = 3902D73722D60A7E008E634E /* MVPTestContract.swift */; };
		3902D73A22D60A90008E634E /* MVCTestViewController.swift in Sources */ = {isa = PBXBuildFile; fileRef = 3902D73922D60A90008E634E /* MVCTestViewController.swift */; };
		3902D73C22D60ACA008E634E /* MVPTestPresenter.swift in Sources */ = {isa = PBXBuildFile; fileRef = 3902D73B22D60ACA008E634E /* MVPTestPresenter.swift */; };
		3902D73E22D60ADE008E634E /* MVPTestViewController.swift in Sources */ = {isa = PBXBuildFile; fileRef = 3902D73D22D60ADD008E634E /* MVPTestViewController.swift */; };
		3902D74022D60AEE008E634E /* MVPTest.storyboard in Resources */ = {isa = PBXBuildFile; fileRef = 3902D73F22D60AEE008E634E /* MVPTest.storyboard */; };
		3902D74722D616FE008E634E /* ViperTest.swift in Sources */ = {isa = PBXBuildFile; fileRef = 3902D74622D616FE008E634E /* ViperTest.swift */; };
		3902D74922D61714008E634E /* ViperTestContract.swift in Sources */ = {isa = PBXBuildFile; fileRef = 3902D74822D61714008E634E /* ViperTestContract.swift */; };
		3902D74B22D61725008E634E /* ViperTestPresenter.swift in Sources */ = {isa = PBXBuildFile; fileRef = 3902D74A22D61725008E634E /* ViperTestPresenter.swift */; };
		3902D74D22D61733008E634E /* ViperTestInteractor.swift in Sources */ = {isa = PBXBuildFile; fileRef = 3902D74C22D61733008E634E /* ViperTestInteractor.swift */; };
		3902D74F22D61747008E634E /* ViperTestViewController.swift in Sources */ = {isa = PBXBuildFile; fileRef = 3902D74E22D61747008E634E /* ViperTestViewController.swift */; };
		3902D75122D61753008E634E /* ViperTestRouter.swift in Sources */ = {isa = PBXBuildFile; fileRef = 3902D75022D61753008E634E /* ViperTestRouter.swift */; };
		3902D75422D6176B008E634E /* ViperTest.storyboard in Resources */ = {isa = PBXBuildFile; fileRef = 3902D75322D6176B008E634E /* ViperTest.storyboard */; };
/* End PBXBuildFile section */

/* Begin PBXFileReference section */
		1BC2F3B72202F67B00BF6165 /* Example.app */ = {isa = PBXFileReference; explicitFileType = wrapper.application; includeInIndex = 0; path = Example.app; sourceTree = BUILT_PRODUCTS_DIR; };
		1BC2F3BA2202F67B00BF6165 /* AppDelegate.swift */ = {isa = PBXFileReference; lastKnownFileType = sourcecode.swift; path = AppDelegate.swift; sourceTree = "<group>"; };
		1BC2F3C12202F67C00BF6165 /* Assets.xcassets */ = {isa = PBXFileReference; lastKnownFileType = folder.assetcatalog; path = Assets.xcassets; sourceTree = "<group>"; };
		1BC2F3C42202F67C00BF6165 /* Base */ = {isa = PBXFileReference; lastKnownFileType = file.storyboard; name = Base; path = Base.lproj/LaunchScreen.storyboard; sourceTree = "<group>"; };
		1BC2F3C62202F67C00BF6165 /* Info.plist */ = {isa = PBXFileReference; lastKnownFileType = text.plist.xml; path = Info.plist; sourceTree = "<group>"; };
		1BC2F3E42202FA3600BF6165 /* ru */ = {isa = PBXFileReference; lastKnownFileType = text.plist.strings; name = ru; path = ru.lproj/LaunchScreen.strings; sourceTree = "<group>"; };
		3902D71F22D5CA8B008E634E /* NKConfigurator.swift */ = {isa = PBXFileReference; lastKnownFileType = sourcecode.swift; path = NKConfigurator.swift; sourceTree = "<group>"; };
		3902D72222D5CBAA008E634E /* NKView.swift */ = {isa = PBXFileReference; lastKnownFileType = sourcecode.swift; path = NKView.swift; sourceTree = "<group>"; };
		3902D72422D5CBEB008E634E /* NKPresenter.swift */ = {isa = PBXFileReference; lastKnownFileType = sourcecode.swift; path = NKPresenter.swift; sourceTree = "<group>"; };
		3902D72622D5CD66008E634E /* NKInteractor.swift */ = {isa = PBXFileReference; lastKnownFileType = sourcecode.swift; path = NKInteractor.swift; sourceTree = "<group>"; };
		3902D72822D5CD8D008E634E /* NKRouter.swift */ = {isa = PBXFileReference; lastKnownFileType = sourcecode.swift; path = NKRouter.swift; sourceTree = "<group>"; };
		3902D73022D601FF008E634E /* MVCTest.swift */ = {isa = PBXFileReference; lastKnownFileType = sourcecode.swift; path = MVCTest.swift; sourceTree = "<group>"; };
		3902D73222D60253008E634E /* MVCTest.storyboard */ = {isa = PBXFileReference; lastKnownFileType = file.storyboard; path = MVCTest.storyboard; sourceTree = "<group>"; };
		3902D73522D60A68008E634E /* MVPTest.swift */ = {isa = PBXFileReference; lastKnownFileType = sourcecode.swift; path = MVPTest.swift; sourceTree = "<group>"; };
		3902D73722D60A7E008E634E /* MVPTestContract.swift */ = {isa = PBXFileReference; lastKnownFileType = sourcecode.swift; path = MVPTestContract.swift; sourceTree = "<group>"; };
		3902D73922D60A90008E634E /* MVCTestViewController.swift */ = {isa = PBXFileReference; lastKnownFileType = sourcecode.swift; path = MVCTestViewController.swift; sourceTree = "<group>"; };
		3902D73B22D60ACA008E634E /* MVPTestPresenter.swift */ = {isa = PBXFileReference; lastKnownFileType = sourcecode.swift; path = MVPTestPresenter.swift; sourceTree = "<group>"; };
		3902D73D22D60ADD008E634E /* MVPTestViewController.swift */ = {isa = PBXFileReference; lastKnownFileType = sourcecode.swift; path = MVPTestViewController.swift; sourceTree = "<group>"; };
		3902D73F22D60AEE008E634E /* MVPTest.storyboard */ = {isa = PBXFileReference; lastKnownFileType = file.storyboard; path = MVPTest.storyboard; sourceTree = "<group>"; };
		3902D74622D616FE008E634E /* ViperTest.swift */ = {isa = PBXFileReference; lastKnownFileType = sourcecode.swift; path = ViperTest.swift; sourceTree = "<group>"; };
		3902D74822D61714008E634E /* ViperTestContract.swift */ = {isa = PBXFileReference; lastKnownFileType = sourcecode.swift; path = ViperTestContract.swift; sourceTree = "<group>"; };
		3902D74A22D61725008E634E /* ViperTestPresenter.swift */ = {isa = PBXFileReference; lastKnownFileType = sourcecode.swift; path = ViperTestPresenter.swift; sourceTree = "<group>"; };
		3902D74C22D61733008E634E /* ViperTestInteractor.swift */ = {isa = PBXFileReference; lastKnownFileType = sourcecode.swift; path = ViperTestInteractor.swift; sourceTree = "<group>"; };
		3902D74E22D61747008E634E /* ViperTestViewController.swift */ = {isa = PBXFileReference; lastKnownFileType = sourcecode.swift; path = ViperTestViewController.swift; sourceTree = "<group>"; };
		3902D75022D61753008E634E /* ViperTestRouter.swift */ = {isa = PBXFileReference; lastKnownFileType = sourcecode.swift; path = ViperTestRouter.swift; sourceTree = "<group>"; };
		3902D75322D6176B008E634E /* ViperTest.storyboard */ = {isa = PBXFileReference; lastKnownFileType = file.storyboard; path = ViperTest.storyboard; sourceTree = "<group>"; };
/* End PBXFileReference section */

/* Begin PBXFrameworksBuildPhase section */
		1BC2F3B42202F67B00BF6165 /* Frameworks */ = {
			isa = PBXFrameworksBuildPhase;
			buildActionMask = 2147483647;
			files = (
			);
			runOnlyForDeploymentPostprocessing = 0;
		};
/* End PBXFrameworksBuildPhase section */

/* Begin PBXGroup section */
		1BC2F3AE2202F67B00BF6165 = {
			isa = PBXGroup;
			children = (
				1BC2F3B92202F67B00BF6165 /* Example */,
				1BC2F3B82202F67B00BF6165 /* Products */,
			);
			sourceTree = "<group>";
		};
		1BC2F3B82202F67B00BF6165 /* Products */ = {
			isa = PBXGroup;
			children = (
				1BC2F3B72202F67B00BF6165 /* Example.app */,
			);
			name = Products;
			sourceTree = "<group>";
		};
		1BC2F3B92202F67B00BF6165 /* Example */ = {
			isa = PBXGroup;
			children = (
				1BC2F3BA2202F67B00BF6165 /* AppDelegate.swift */,
				3902D72122D5CA98008E634E /* NKSmartViper */,
				3902D72B22D5FCBF008E634E /* MVCTest */,
				3902D73422D60A46008E634E /* MVPTest */,
				3902D74122D6152B008E634E /* ViperTest */,
				1BC2F3C12202F67C00BF6165 /* Assets.xcassets */,
				1BC2F3C32202F67C00BF6165 /* LaunchScreen.storyboard */,
				1BC2F3C62202F67C00BF6165 /* Info.plist */,
			);
			path = Example;
			sourceTree = "<group>";
		};
		3902D72122D5CA98008E634E /* NKSmartViper */ = {
			isa = PBXGroup;
			children = (
				3902D71F22D5CA8B008E634E /* NKConfigurator.swift */,
				3902D72222D5CBAA008E634E /* NKView.swift */,
				3902D72422D5CBEB008E634E /* NKPresenter.swift */,
				3902D72622D5CD66008E634E /* NKInteractor.swift */,
				3902D72822D5CD8D008E634E /* NKRouter.swift */,
			);
			path = NKSmartViper;
			sourceTree = "<group>";
		};
		3902D72B22D5FCBF008E634E /* MVCTest */ = {
			isa = PBXGroup;
			children = (
				3902D73022D601FF008E634E /* MVCTest.swift */,
				3902D73922D60A90008E634E /* MVCTestViewController.swift */,
				3902D74522D6169A008E634E /* SupportFiles */,
			);
			path = MVCTest;
			sourceTree = "<group>";
		};
		3902D73422D60A46008E634E /* MVPTest */ = {
			isa = PBXGroup;
			children = (
				3902D73522D60A68008E634E /* MVPTest.swift */,
				3902D73722D60A7E008E634E /* MVPTestContract.swift */,
				3902D73B22D60ACA008E634E /* MVPTestPresenter.swift */,
				3902D73D22D60ADD008E634E /* MVPTestViewController.swift */,
				3902D74222D6155E008E634E /* SupportFiles */,
			);
			path = MVPTest;
			sourceTree = "<group>";
		};
		3902D74122D6152B008E634E /* ViperTest */ = {
			isa = PBXGroup;
			children = (
				3902D74622D616FE008E634E /* ViperTest.swift */,
				3902D74822D61714008E634E /* ViperTestContract.swift */,
				3902D74A22D61725008E634E /* ViperTestPresenter.swift */,
				3902D74C22D61733008E634E /* ViperTestInteractor.swift */,
				3902D74E22D61747008E634E /* ViperTestViewController.swift */,
				3902D75022D61753008E634E /* ViperTestRouter.swift */,
				3902D75222D61758008E634E /* SupportFiles */,
			);
			path = ViperTest;
			sourceTree = "<group>";
		};
		3902D74222D6155E008E634E /* SupportFiles */ = {
			isa = PBXGroup;
			children = (
				3902D73F22D60AEE008E634E /* MVPTest.storyboard */,
			);
			path = SupportFiles;
			sourceTree = "<group>";
		};
		3902D74522D6169A008E634E /* SupportFiles */ = {
			isa = PBXGroup;
			children = (
				3902D73222D60253008E634E /* MVCTest.storyboard */,
			);
			path = SupportFiles;
			sourceTree = "<group>";
		};
		3902D75222D61758008E634E /* SupportFiles */ = {
			isa = PBXGroup;
			children = (
				3902D75322D6176B008E634E /* ViperTest.storyboard */,
			);
			path = SupportFiles;
			sourceTree = "<group>";
		};
/* End PBXGroup section */

/* Begin PBXNativeTarget section */
		1BC2F3B62202F67B00BF6165 /* Example */ = {
			isa = PBXNativeTarget;
			buildConfigurationList = 1BC2F3C92202F67C00BF6165 /* Build configuration list for PBXNativeTarget "Example" */;
			buildPhases = (
				1BC2F3B32202F67B00BF6165 /* Sources */,
				1BC2F3B42202F67B00BF6165 /* Frameworks */,
				1BC2F3B52202F67B00BF6165 /* Resources */,
			);
			buildRules = (
			);
			dependencies = (
			);
			name = Example;
			productName = Example;
			productReference = 1BC2F3B72202F67B00BF6165 /* Example.app */;
			productType = "com.apple.product-type.application";
		};
/* End PBXNativeTarget section */

/* Begin PBXProject section */
		1BC2F3AF2202F67B00BF6165 /* Project object */ = {
			isa = PBXProject;
			attributes = {
				LastSwiftUpdateCheck = 1010;
				LastUpgradeCheck = 1010;
				ORGANIZATIONNAME = "Nick Kopilovskii";
				TargetAttributes = {
					1BC2F3B62202F67B00BF6165 = {
						CreatedOnToolsVersion = 10.1;
					};
				};
			};
			buildConfigurationList = 1BC2F3B22202F67B00BF6165 /* Build configuration list for PBXProject "Example" */;
			compatibilityVersion = "Xcode 9.3";
			developmentRegion = en;
			hasScannedForEncodings = 0;
			knownRegions = (
				en,
				Base,
				ru,
			);
			mainGroup = 1BC2F3AE2202F67B00BF6165;
			productRefGroup = 1BC2F3B82202F67B00BF6165 /* Products */;
			projectDirPath = "";
			projectRoot = "";
			targets = (
				1BC2F3B62202F67B00BF6165 /* Example */,
			);
		};
/* End PBXProject section */

/* Begin PBXResourcesBuildPhase section */
		1BC2F3B52202F67B00BF6165 /* Resources */ = {
			isa = PBXResourcesBuildPhase;
			buildActionMask = 2147483647;
			files = (
				3902D74022D60AEE008E634E /* MVPTest.storyboard in Resources */,
				1BC2F3C52202F67C00BF6165 /* LaunchScreen.storyboard in Resources */,
				3902D73322D60253008E634E /* MVCTest.storyboard in Resources */,
				3902D75422D6176B008E634E /* ViperTest.storyboard in Resources */,
				1BC2F3C22202F67C00BF6165 /* Assets.xcassets in Resources */,
			);
			runOnlyForDeploymentPostprocessing = 0;
		};
/* End PBXResourcesBuildPhase section */

/* Begin PBXSourcesBuildPhase section */
		1BC2F3B32202F67B00BF6165 /* Sources */ = {
			isa = PBXSourcesBuildPhase;
			buildActionMask = 2147483647;
			files = (
				3902D72022D5CA8B008E634E /* NKConfigurator.swift in Sources */,
				3902D72722D5CD66008E634E /* NKInteractor.swift in Sources */,
				3902D72522D5CBEB008E634E /* NKPresenter.swift in Sources */,
				3902D72322D5CBAA008E634E /* NKView.swift in Sources */,
				3902D74722D616FE008E634E /* ViperTest.swift in Sources */,
				3902D75122D61753008E634E /* ViperTestRouter.swift in Sources */,
				3902D73122D601FF008E634E /* MVCTest.swift in Sources */,
				3902D73822D60A7E008E634E /* MVPTestContract.swift in Sources */,
				3902D73A22D60A90008E634E /* MVCTestViewController.swift in Sources */,
				3902D74D22D61733008E634E /* ViperTestInteractor.swift in Sources */,
				3902D74922D61714008E634E /* ViperTestContract.swift in Sources */,
				3902D74B22D61725008E634E /* ViperTestPresenter.swift in Sources */,
				3902D73622D60A68008E634E /* MVPTest.swift in Sources */,
				3902D73C22D60ACA008E634E /* MVPTestPresenter.swift in Sources */,
				1BC2F3BB2202F67B00BF6165 /* AppDelegate.swift in Sources */,
				3902D72922D5CD8D008E634E /* NKRouter.swift in Sources */,
				3902D73E22D60ADE008E634E /* MVPTestViewController.swift in Sources */,
				3902D74F22D61747008E634E /* ViperTestViewController.swift in Sources */,
			);
			runOnlyForDeploymentPostprocessing = 0;
		};
/* End PBXSourcesBuildPhase section */

/* Begin PBXVariantGroup section */
		1BC2F3C32202F67C00BF6165 /* LaunchScreen.storyboard */ = {
			isa = PBXVariantGroup;
			children = (
				1BC2F3C42202F67C00BF6165 /* Base */,
				1BC2F3E42202FA3600BF6165 /* ru */,
			);
			name = LaunchScreen.storyboard;
			sourceTree = "<group>";
		};
/* End PBXVariantGroup section */

/* Begin XCBuildConfiguration section */
		1BC2F3C72202F67C00BF6165 /* Debug */ = {
			isa = XCBuildConfiguration;
			buildSettings = {
				ALWAYS_SEARCH_USER_PATHS = NO;
				CLANG_ANALYZER_LOCALIZABILITY_NONLOCALIZED = YES;
				CLANG_ANALYZER_NONNULL = YES;
				CLANG_ANALYZER_NUMBER_OBJECT_CONVERSION = YES_AGGRESSIVE;
				CLANG_CXX_LANGUAGE_STANDARD = "gnu++14";
				CLANG_CXX_LIBRARY = "libc++";
				CLANG_ENABLE_MODULES = YES;
				CLANG_ENABLE_OBJC_ARC = YES;
				CLANG_ENABLE_OBJC_WEAK = YES;
				CLANG_WARN_BLOCK_CAPTURE_AUTORELEASING = YES;
				CLANG_WARN_BOOL_CONVERSION = YES;
				CLANG_WARN_COMMA = YES;
				CLANG_WARN_CONSTANT_CONVERSION = YES;
				CLANG_WARN_DEPRECATED_OBJC_IMPLEMENTATIONS = YES;
				CLANG_WARN_DIRECT_OBJC_ISA_USAGE = YES_ERROR;
				CLANG_WARN_DOCUMENTATION_COMMENTS = YES;
				CLANG_WARN_EMPTY_BODY = YES;
				CLANG_WARN_ENUM_CONVERSION = YES;
				CLANG_WARN_INFINITE_RECURSION = YES;
				CLANG_WARN_INT_CONVERSION = YES;
				CLANG_WARN_NON_LITERAL_NULL_CONVERSION = YES;
				CLANG_WARN_OBJC_IMPLICIT_RETAIN_SELF = YES;
				CLANG_WARN_OBJC_LITERAL_CONVERSION = YES;
				CLANG_WARN_OBJC_ROOT_CLASS = YES_ERROR;
				CLANG_WARN_RANGE_LOOP_ANALYSIS = YES;
				CLANG_WARN_STRICT_PROTOTYPES = YES;
				CLANG_WARN_SUSPICIOUS_MOVE = YES;
				CLANG_WARN_UNGUARDED_AVAILABILITY = YES_AGGRESSIVE;
				CLANG_WARN_UNREACHABLE_CODE = YES;
				CLANG_WARN__DUPLICATE_METHOD_MATCH = YES;
				CODE_SIGN_IDENTITY = "iPhone Developer";
				COPY_PHASE_STRIP = NO;
				DEBUG_INFORMATION_FORMAT = dwarf;
				ENABLE_STRICT_OBJC_MSGSEND = YES;
				ENABLE_TESTABILITY = YES;
				GCC_C_LANGUAGE_STANDARD = gnu11;
				GCC_DYNAMIC_NO_PIC = NO;
				GCC_NO_COMMON_BLOCKS = YES;
				GCC_OPTIMIZATION_LEVEL = 0;
				GCC_PREPROCESSOR_DEFINITIONS = (
					"DEBUG=1",
					"$(inherited)",
				);
				GCC_WARN_64_TO_32_BIT_CONVERSION = YES;
				GCC_WARN_ABOUT_RETURN_TYPE = YES_ERROR;
				GCC_WARN_UNDECLARED_SELECTOR = YES;
				GCC_WARN_UNINITIALIZED_AUTOS = YES_AGGRESSIVE;
				GCC_WARN_UNUSED_FUNCTION = YES;
				GCC_WARN_UNUSED_VARIABLE = YES;
				IPHONEOS_DEPLOYMENT_TARGET = 12.1;
				MTL_ENABLE_DEBUG_INFO = INCLUDE_SOURCE;
				MTL_FAST_MATH = YES;
				ONLY_ACTIVE_ARCH = YES;
				SDKROOT = iphoneos;
				SWIFT_ACTIVE_COMPILATION_CONDITIONS = DEBUG;
				SWIFT_OPTIMIZATION_LEVEL = "-Onone";
			};
			name = Debug;
		};
		1BC2F3C82202F67C00BF6165 /* Release */ = {
			isa = XCBuildConfiguration;
			buildSettings = {
				ALWAYS_SEARCH_USER_PATHS = NO;
				CLANG_ANALYZER_LOCALIZABILITY_NONLOCALIZED = YES;
				CLANG_ANALYZER_NONNULL = YES;
				CLANG_ANALYZER_NUMBER_OBJECT_CONVERSION = YES_AGGRESSIVE;
				CLANG_CXX_LANGUAGE_STANDARD = "gnu++14";
				CLANG_CXX_LIBRARY = "libc++";
				CLANG_ENABLE_MODULES = YES;
				CLANG_ENABLE_OBJC_ARC = YES;
				CLANG_ENABLE_OBJC_WEAK = YES;
				CLANG_WARN_BLOCK_CAPTURE_AUTORELEASING = YES;
				CLANG_WARN_BOOL_CONVERSION = YES;
				CLANG_WARN_COMMA = YES;
				CLANG_WARN_CONSTANT_CONVERSION = YES;
				CLANG_WARN_DEPRECATED_OBJC_IMPLEMENTATIONS = YES;
				CLANG_WARN_DIRECT_OBJC_ISA_USAGE = YES_ERROR;
				CLANG_WARN_DOCUMENTATION_COMMENTS = YES;
				CLANG_WARN_EMPTY_BODY = YES;
				CLANG_WARN_ENUM_CONVERSION = YES;
				CLANG_WARN_INFINITE_RECURSION = YES;
				CLANG_WARN_INT_CONVERSION = YES;
				CLANG_WARN_NON_LITERAL_NULL_CONVERSION = YES;
				CLANG_WARN_OBJC_IMPLICIT_RETAIN_SELF = YES;
				CLANG_WARN_OBJC_LITERAL_CONVERSION = YES;
				CLANG_WARN_OBJC_ROOT_CLASS = YES_ERROR;
				CLANG_WARN_RANGE_LOOP_ANALYSIS = YES;
				CLANG_WARN_STRICT_PROTOTYPES = YES;
				CLANG_WARN_SUSPICIOUS_MOVE = YES;
				CLANG_WARN_UNGUARDED_AVAILABILITY = YES_AGGRESSIVE;
				CLANG_WARN_UNREACHABLE_CODE = YES;
				CLANG_WARN__DUPLICATE_METHOD_MATCH = YES;
				CODE_SIGN_IDENTITY = "iPhone Developer";
				COPY_PHASE_STRIP = NO;
				DEBUG_INFORMATION_FORMAT = "dwarf-with-dsym";
				ENABLE_NS_ASSERTIONS = NO;
				ENABLE_STRICT_OBJC_MSGSEND = YES;
				GCC_C_LANGUAGE_STANDARD = gnu11;
				GCC_NO_COMMON_BLOCKS = YES;
				GCC_WARN_64_TO_32_BIT_CONVERSION = YES;
				GCC_WARN_ABOUT_RETURN_TYPE = YES_ERROR;
				GCC_WARN_UNDECLARED_SELECTOR = YES;
				GCC_WARN_UNINITIALIZED_AUTOS = YES_AGGRESSIVE;
				GCC_WARN_UNUSED_FUNCTION = YES;
				GCC_WARN_UNUSED_VARIABLE = YES;
				IPHONEOS_DEPLOYMENT_TARGET = 12.1;
				MTL_ENABLE_DEBUG_INFO = NO;
				MTL_FAST_MATH = YES;
				SDKROOT = iphoneos;
				SWIFT_COMPILATION_MODE = wholemodule;
				SWIFT_OPTIMIZATION_LEVEL = "-O";
				VALIDATE_PRODUCT = YES;
			};
			name = Release;
		};
		1BC2F3CA2202F67C00BF6165 /* Debug */ = {
			isa = XCBuildConfiguration;
			buildSettings = {
				ASSETCATALOG_COMPILER_APPICON_NAME = AppIcon;
				CODE_SIGN_STYLE = Automatic;
				INFOPLIST_FILE = Example/Info.plist;
				LD_RUNPATH_SEARCH_PATHS = (
					"$(inherited)",
					"@executable_path/Frameworks",
				);
				PRODUCT_BUNDLE_IDENTIFIER = nk.Example;
				PRODUCT_NAME = "$(TARGET_NAME)";
				SWIFT_VERSION = 4.2;
				TARGETED_DEVICE_FAMILY = "1,2";
			};
			name = Debug;
		};
		1BC2F3CB2202F67C00BF6165 /* Release */ = {
			isa = XCBuildConfiguration;
			buildSettings = {
				ASSETCATALOG_COMPILER_APPICON_NAME = AppIcon;
				CODE_SIGN_STYLE = Automatic;
				INFOPLIST_FILE = Example/Info.plist;
				LD_RUNPATH_SEARCH_PATHS = (
					"$(inherited)",
					"@executable_path/Frameworks",
				);
				PRODUCT_BUNDLE_IDENTIFIER = nk.Example;
				PRODUCT_NAME = "$(TARGET_NAME)";
				SWIFT_VERSION = 4.2;
				TARGETED_DEVICE_FAMILY = "1,2";
			};
			name = Release;
		};
/* End XCBuildConfiguration section */

/* Begin XCConfigurationList section */
		1BC2F3B22202F67B00BF6165 /* Build configuration list for PBXProject "Example" */ = {
			isa = XCConfigurationList;
			buildConfigurations = (
				1BC2F3C72202F67C00BF6165 /* Debug */,
				1BC2F3C82202F67C00BF6165 /* Release */,
			);
			defaultConfigurationIsVisible = 0;
			defaultConfigurationName = Release;
		};
		1BC2F3C92202F67C00BF6165 /* Build configuration list for PBXNativeTarget "Example" */ = {
			isa = XCConfigurationList;
			buildConfigurations = (
				1BC2F3CA2202F67C00BF6165 /* Debug */,
				1BC2F3CB2202F67C00BF6165 /* Release */,
			);
			defaultConfigurationIsVisible = 0;
			defaultConfigurationName = Release;
		};
/* End XCConfigurationList section */
	};
	rootObject = 1BC2F3AF2202F67B00BF6165 /* Project object */;
}
